
Microsoft Visual Studio Solution File, Format Version 12.00
# Visual Studio 15
VisualStudioVersion = 15.0.28307.271
MinimumVisualStudioVersion = 10.0.40219.1
Project("{FAE04EC0-301F-11D3-BF4B-00C04F79EFBC}") = "TestAspNet", "TestAspNet\TestAspNet.csproj", "{9323B453-B044-4D2E-BE27-94140B529A6F}"
EndProject
Global
	GlobalSection(SolutionConfigurationPlatforms) = preSolution
		Debug|Any CPU = Debug|Any CPU
		Debug|x64 = Debug|x64
		Release|Any CPU = Release|Any CPU
		Release|x64 = Release|x64
	EndGlobalSection
	GlobalSection(ProjectConfigurationPlatforms) = postSolution
		{9323B453-B044-4D2E-BE27-94140B529A6F}.Debug|Any CPU.ActiveCfg = Debug|Any CPU
		{9323B453-B044-4D2E-BE27-94140B529A6F}.Debug|Any CPU.Build.0 = Debug|Any CPU
		{9323B453-B044-4D2E-BE27-94140B529A6F}.Debug|x64.ActiveCfg = Debug|x64
		{9323B453-B044-4D2E-BE27-94140B529A6F}.Debug|x64.Build.0 = Debug|x64
		{9323B453-B044-4D2E-BE27-94140B529A6F}.Release|Any CPU.ActiveCfg = Release|Any CPU
		{9323B453-B044-4D2E-BE27-94140B529A6F}.Release|Any CPU.Build.0 = Release|Any CPU
		{9323B453-B044-4D2E-BE27-94140B529A6F}.Release|x64.ActiveCfg = Release|x64
		{9323B453-B044-4D2E-BE27-94140B529A6F}.Release|x64.Build.0 = Release|x64
	EndGlobalSection
	GlobalSection(SolutionProperties) = preSolution
		HideSolutionNode = FALSE
	EndGlobalSection
	GlobalSection(ExtensibilityGlobals) = postSolution
		SolutionGuid = {DD718D03-EA70-4066-8CF9-CFF1CEE2E36B}
	EndGlobalSection
EndGlobal
